
Microsoft Visual Studio Solution File, Format Version 12.00
# Visual Studio Version 16
VisualStudioVersion = 16.0.31702.278
MinimumVisualStudioVersion = 10.0.40219.1
Project("{FAE04EC0-301F-11D3-BF4B-00C04F79EFBC}") = "Part18Namespaces", "Part18Namespaces\Part18Namespaces.csproj", "{1BDFE231-390E-439D-9978-9B9DECBDA4FB}"
EndProject
Global
	GlobalSection(SolutionConfigurationPlatforms) = preSolution
		Debug|Any CPU = Debug|Any CPU
		Release|Any CPU = Release|Any CPU
	EndGlobalSection
	GlobalSection(ProjectConfigurationPlatforms) = postSolution
		{1BDFE231-390E-439D-9978-9B9DECBDA4FB}.Debug|Any CPU.ActiveCfg = Debug|Any CPU
		{1BDFE231-390E-439D-9978-9B9DECBDA4FB}.Debug|Any CPU.Build.0 = Debug|Any CPU
		{1BDFE231-390E-439D-9978-9B9DECBDA4FB}.Release|Any CPU.ActiveCfg = Release|Any CPU
		{1BDFE231-390E-439D-9978-9B9DECBDA4FB}.Release|Any CPU.Build.0 = Release|Any CPU
	EndGlobalSection
	GlobalSection(SolutionProperties) = preSolution
		HideSolutionNode = FALSE
	EndGlobalSection
	GlobalSection(ExtensibilityGlobals) = postSolution
		SolutionGuid = {0F812CAE-A030-4D84-9FE0-46A0302C5232}
	EndGlobalSection
EndGlobal
